
Microsoft Visual Studio Solution File, Format Version 12.00
# Visual Studio 15
VisualStudioVersion = 15.0.28307.705
MinimumVisualStudioVersion = 10.0.40219.1
Project("{FAE04EC0-301F-11D3-BF4B-00C04F79EFBC}") = "Assembly-CSharp", "Assembly-CSharp.csproj", "{F39B1D50-76CD-724F-A4CE-925F710A9601}"
EndProject
Project("{FAE04EC0-301F-11D3-BF4B-00C04F79EFBC}") = "Assembly-CSharp-Editor", "Assembly-CSharp-Editor.csproj", "{1D60645E-2EEC-11A6-13B7-FAC22836C1E7}"
EndProject
Global
	GlobalSection(SolutionConfigurationPlatforms) = preSolution
		Debug|Any CPU = Debug|Any CPU
		Release|Any CPU = Release|Any CPU
	EndGlobalSection
	GlobalSection(ProjectConfigurationPlatforms) = postSolution
		{F39B1D50-76CD-724F-A4CE-925F710A9601}.Debug|Any CPU.ActiveCfg = Debug|Any CPU
		{F39B1D50-76CD-724F-A4CE-925F710A9601}.Debug|Any CPU.Build.0 = Debug|Any CPU
		{F39B1D50-76CD-724F-A4CE-925F710A9601}.Release|Any CPU.ActiveCfg = Release|Any CPU
		{F39B1D50-76CD-724F-A4CE-925F710A9601}.Release|Any CPU.Build.0 = Release|Any CPU
		{1D60645E-2EEC-11A6-13B7-FAC22836C1E7}.Debug|Any CPU.ActiveCfg = Debug|Any CPU
		{1D60645E-2EEC-11A6-13B7-FAC22836C1E7}.Debug|Any CPU.Build.0 = Debug|Any CPU
		{1D60645E-2EEC-11A6-13B7-FAC22836C1E7}.Release|Any CPU.ActiveCfg = Release|Any CPU
		{1D60645E-2EEC-11A6-13B7-FAC22836C1E7}.Release|Any CPU.Build.0 = Release|Any CPU
	EndGlobalSection
	GlobalSection(SolutionProperties) = preSolution
		HideSolutionNode = FALSE
	EndGlobalSection
	GlobalSection(ExtensibilityGlobals) = postSolution
		SolutionGuid = {ACFF4684-1C38-4681-8B95-0F94BF937DEB}
	EndGlobalSection
EndGlobal
